
Microsoft Visual Studio Solution File, Format Version 12.00
# Visual Studio Version 16
VisualStudioVersion = 16.0.29519.87
MinimumVisualStudioVersion = 10.0.40219.1
Project("{FAE04EC0-301F-11D3-BF4B-00C04F79EFBC}") = "AllPagesEx.Android", "AllPagesEx\AllPagesEx.Android\AllPagesEx.Android.csproj", "{FA57D715-2B69-489B-B868-683AFA4E06A6}"
EndProject
Project("{FAE04EC0-301F-11D3-BF4B-00C04F79EFBC}") = "AllPagesEx.iOS", "AllPagesEx\AllPagesEx.iOS\AllPagesEx.iOS.csproj", "{CA2D74DA-0887-417D-9E39-17E4D9600ECD}"
EndProject
Project("{FAE04EC0-301F-11D3-BF4B-00C04F79EFBC}") = "AllPagesEx", "AllPagesEx\AllPagesEx\AllPagesEx.csproj", "{8CE1C74B-1C29-4EC8-8278-8E813B6F871B}"
EndProject
Global
	GlobalSection(SolutionConfigurationPlatforms) = preSolution
		Debug|Any CPU = Debug|Any CPU
		Debug|iPhone = Debug|iPhone
		Debug|iPhoneSimulator = Debug|iPhoneSimulator
		Release|Any CPU = Release|Any CPU
		Release|iPhone = Release|iPhone
		Release|iPhoneSimulator = Release|iPhoneSimulator
	EndGlobalSection
	GlobalSection(ProjectConfigurationPlatforms) = postSolution
		{FA57D715-2B69-489B-B868-683AFA4E06A6}.Debug|Any CPU.ActiveCfg = Debug|Any CPU
		{FA57D715-2B69-489B-B868-683AFA4E06A6}.Debug|Any CPU.Build.0 = Debug|Any CPU
		{FA57D715-2B69-489B-B868-683AFA4E06A6}.Debug|Any CPU.Deploy.0 = Debug|Any CPU
		{FA57D715-2B69-489B-B868-683AFA4E06A6}.Debug|iPhone.ActiveCfg = Debug|Any CPU
		{FA57D715-2B69-489B-B868-683AFA4E06A6}.Debug|iPhone.Build.0 = Debug|Any CPU
		{FA57D715-2B69-489B-B868-683AFA4E06A6}.Debug|iPhone.Deploy.0 = Debug|Any CPU
		{FA57D715-2B69-489B-B868-683AFA4E06A6}.Debug|iPhoneSimulator.ActiveCfg = Debug|Any CPU
		{FA57D715-2B69-489B-B868-683AFA4E06A6}.Debug|iPhoneSimulator.Build.0 = Debug|Any CPU
		{FA57D715-2B69-489B-B868-683AFA4E06A6}.Debug|iPhoneSimulator.Deploy.0 = Debug|Any CPU
		{FA57D715-2B69-489B-B868-683AFA4E06A6}.Release|Any CPU.ActiveCfg = Release|Any CPU
		{FA57D715-2B69-489B-B868-683AFA4E06A6}.Release|Any CPU.Build.0 = Release|Any CPU
		{FA57D715-2B69-489B-B868-683AFA4E06A6}.Release|Any CPU.Deploy.0 = Release|Any CPU
		{FA57D715-2B69-489B-B868-683AFA4E06A6}.Release|iPhone.ActiveCfg = Release|Any CPU
		{FA57D715-2B69-489B-B868-683AFA4E06A6}.Release|iPhone.Build.0 = Release|Any CPU
		{FA57D715-2B69-489B-B868-683AFA4E06A6}.Release|iPhone.Deploy.0 = Release|Any CPU
		{FA57D715-2B69-489B-B868-683AFA4E06A6}.Release|iPhoneSimulator.ActiveCfg = Release|Any CPU
		{FA57D715-2B69-489B-B868-683AFA4E06A6}.Release|iPhoneSimulator.Build.0 = Release|Any CPU
		{FA57D715-2B69-489B-B868-683AFA4E06A6}.Release|iPhoneSimulator.Deploy.0 = Release|Any CPU
		{CA2D74DA-0887-417D-9E39-17E4D9600ECD}.Debug|Any CPU.ActiveCfg = Debug|iPhoneSimulator
		{CA2D74DA-0887-417D-9E39-17E4D9600ECD}.Debug|Any CPU.Build.0 = Debug|iPhoneSimulator
		{CA2D74DA-0887-417D-9E39-17E4D9600ECD}.Debug|Any CPU.Deploy.0 = Debug|iPhoneSimulator
		{CA2D74DA-0887-417D-9E39-17E4D9600ECD}.Debug|iPhone.ActiveCfg = Debug|iPhone
		{CA2D74DA-0887-417D-9E39-17E4D9600ECD}.Debug|iPhone.Build.0 = Debug|iPhone
		{CA2D74DA-0887-417D-9E39-17E4D9600ECD}.Debug|iPhone.Deploy.0 = Debug|iPhone
		{CA2D74DA-0887-417D-9E39-17E4D9600ECD}.Debug|iPhoneSimulator.ActiveCfg = Debug|iPhoneSimulator
		{CA2D74DA-0887-417D-9E39-17E4D9600ECD}.Debug|iPhoneSimulator.Build.0 = Debug|iPhoneSimulator
		{CA2D74DA-0887-417D-9E39-17E4D9600ECD}.Debug|iPhoneSimulator.Deploy.0 = Debug|iPhoneSimulator
		{CA2D74DA-0887-417D-9E39-17E4D9600ECD}.Release|Any CPU.ActiveCfg = Release|iPhone
		{CA2D74DA-0887-417D-9E39-17E4D9600ECD}.Release|Any CPU.Build.0 = Release|iPhone
		{CA2D74DA-0887-417D-9E39-17E4D9600ECD}.Release|Any CPU.Deploy.0 = Release|iPhone
		{CA2D74DA-0887-417D-9E39-17E4D9600ECD}.Release|iPhone.ActiveCfg = Release|iPhone
		{CA2D74DA-0887-417D-9E39-17E4D9600ECD}.Release|iPhone.Build.0 = Release|iPhone
		{CA2D74DA-0887-417D-9E39-17E4D9600ECD}.Release|iPhone.Deploy.0 = Release|iPhone
		{CA2D74DA-0887-417D-9E39-17E4D9600ECD}.Release|iPhoneSimulator.ActiveCfg = Release|iPhoneSimulator
		{CA2D74DA-0887-417D-9E39-17E4D9600ECD}.Release|iPhoneSimulator.Build.0 = Release|iPhoneSimulator
		{CA2D74DA-0887-417D-9E39-17E4D9600ECD}.Release|iPhoneSimulator.Deploy.0 = Release|iPhoneSimulator
		{8CE1C74B-1C29-4EC8-8278-8E813B6F871B}.Debug|Any CPU.ActiveCfg = Debug|Any CPU
		{8CE1C74B-1C29-4EC8-8278-8E813B6F871B}.Debug|Any CPU.Build.0 = Debug|Any CPU
		{8CE1C74B-1C29-4EC8-8278-8E813B6F871B}.Debug|Any CPU.Deploy.0 = Debug|Any CPU
		{8CE1C74B-1C29-4EC8-8278-8E813B6F871B}.Debug|iPhone.ActiveCfg = Debug|Any CPU
		{8CE1C74B-1C29-4EC8-8278-8E813B6F871B}.Debug|iPhone.Build.0 = Debug|Any CPU
		{8CE1C74B-1C29-4EC8-8278-8E813B6F871B}.Debug|iPhone.Deploy.0 = Debug|Any CPU
		{8CE1C74B-1C29-4EC8-8278-8E813B6F871B}.Debug|iPhoneSimulator.ActiveCfg = Debug|Any CPU
		{8CE1C74B-1C29-4EC8-8278-8E813B6F871B}.Debug|iPhoneSimulator.Build.0 = Debug|Any CPU
		{8CE1C74B-1C29-4EC8-8278-8E813B6F871B}.Debug|iPhoneSimulator.Deploy.0 = Debug|Any CPU
		{8CE1C74B-1C29-4EC8-8278-8E813B6F871B}.Release|Any CPU.ActiveCfg = Release|Any CPU
		{8CE1C74B-1C29-4EC8-8278-8E813B6F871B}.Release|Any CPU.Build.0 = Release|Any CPU
		{8CE1C74B-1C29-4EC8-8278-8E813B6F871B}.Release|Any CPU.Deploy.0 = Release|Any CPU
		{8CE1C74B-1C29-4EC8-8278-8E813B6F871B}.Release|iPhone.ActiveCfg = Release|Any CPU
		{8CE1C74B-1C29-4EC8-8278-8E813B6F871B}.Release|iPhone.Build.0 = Release|Any CPU
		{8CE1C74B-1C29-4EC8-8278-8E813B6F871B}.Release|iPhone.Deploy.0 = Release|Any CPU
		{8CE1C74B-1C29-4EC8-8278-8E813B6F871B}.Release|iPhoneSimulator.ActiveCfg = Release|Any CPU
		{8CE1C74B-1C29-4EC8-8278-8E813B6F871B}.Release|iPhoneSimulator.Build.0 = Release|Any CPU
		{8CE1C74B-1C29-4EC8-8278-8E813B6F871B}.Release|iPhoneSimulator.Deploy.0 = Release|Any CPU
	EndGlobalSection
	GlobalSection(SolutionProperties) = preSolution
		HideSolutionNode = FALSE
	EndGlobalSection
	GlobalSection(ExtensibilityGlobals) = postSolution
		SolutionGuid = {B9D5CA87-8A75-400B-8472-E2529B2D6CB5}
	EndGlobalSection
EndGlobal
